
Microsoft Visual Studio Solution File, Format Version 12.00
# Visual Studio 15
VisualStudioVersion = 15.0.28010.2041
MinimumVisualStudioVersion = 10.0.40219.1
Project("{FAE04EC0-301F-11D3-BF4B-00C04F79EFBC}") = "Phone", "Phone\Phone.csproj", "{52F6EB39-674F-4E41-8A21-AE889E262E2E}"
EndProject
Global
	GlobalSection(SolutionConfigurationPlatforms) = preSolution
		Debug|Any CPU = Debug|Any CPU
		Release|Any CPU = Release|Any CPU
	EndGlobalSection
	GlobalSection(ProjectConfigurationPlatforms) = postSolution
		{52F6EB39-674F-4E41-8A21-AE889E262E2E}.Debug|Any CPU.ActiveCfg = Debug|Any CPU
		{52F6EB39-674F-4E41-8A21-AE889E262E2E}.Debug|Any CPU.Build.0 = Debug|Any CPU
		{52F6EB39-674F-4E41-8A21-AE889E262E2E}.Release|Any CPU.ActiveCfg = Release|Any CPU
		{52F6EB39-674F-4E41-8A21-AE889E262E2E}.Release|Any CPU.Build.0 = Release|Any CPU
	EndGlobalSection
	GlobalSection(SolutionProperties) = preSolution
		HideSolutionNode = FALSE
	EndGlobalSection
	GlobalSection(ExtensibilityGlobals) = postSolution
		SolutionGuid = {D13F51DB-9B69-4FAB-BA1B-68988EB2FFED}
	EndGlobalSection
EndGlobal
